
Microsoft Visual Studio Solution File, Format Version 12.00
# Visual Studio Version 16
VisualStudioVersion = 16.0.31702.278
MinimumVisualStudioVersion = 10.0.40219.1
Project("{9A19103F-16F7-4668-BE54-9A1E7A4F7556}") = "hangman", "hangman.csproj", "{6C4A0FE1-C497-4F74-A30C-0CBD09514926}"
EndProject
Global
	GlobalSection(SolutionConfigurationPlatforms) = preSolution
		Debug|Any CPU = Debug|Any CPU
		Release|Any CPU = Release|Any CPU
	EndGlobalSection
	GlobalSection(ProjectConfigurationPlatforms) = postSolution
		{6C4A0FE1-C497-4F74-A30C-0CBD09514926}.Debug|Any CPU.ActiveCfg = Debug|Any CPU
		{6C4A0FE1-C497-4F74-A30C-0CBD09514926}.Debug|Any CPU.Build.0 = Debug|Any CPU
		{6C4A0FE1-C497-4F74-A30C-0CBD09514926}.Release|Any CPU.ActiveCfg = Release|Any CPU
		{6C4A0FE1-C497-4F74-A30C-0CBD09514926}.Release|Any CPU.Build.0 = Release|Any CPU
	EndGlobalSection
	GlobalSection(SolutionProperties) = preSolution
		HideSolutionNode = FALSE
	EndGlobalSection
	GlobalSection(ExtensibilityGlobals) = postSolution
		SolutionGuid = {473CB39B-4AE2-4315-81E1-8779F4F011D0}
	EndGlobalSection
EndGlobal
